
Microsoft Visual Studio Solution File, Format Version 11.00
# Visual Studio 2010
Project("{FAE04EC0-301F-11D3-BF4B-00C04F79EFBC}") = "EgmuTesting", "EgmuTesting\EgmuTesting.csproj", "{31E4216A-B120-49D6-93A4-2ADC8BC1815C}"
EndProject
Global
	GlobalSection(SolutionConfigurationPlatforms) = preSolution
		Debug|x86 = Debug|x86
		Release|x86 = Release|x86
	EndGlobalSection
	GlobalSection(ProjectConfigurationPlatforms) = postSolution
		{31E4216A-B120-49D6-93A4-2ADC8BC1815C}.Debug|x86.ActiveCfg = Debug|x86
		{31E4216A-B120-49D6-93A4-2ADC8BC1815C}.Debug|x86.Build.0 = Debug|x86
		{31E4216A-B120-49D6-93A4-2ADC8BC1815C}.Release|x86.ActiveCfg = Release|x86
		{31E4216A-B120-49D6-93A4-2ADC8BC1815C}.Release|x86.Build.0 = Release|x86
	EndGlobalSection
	GlobalSection(SolutionProperties) = preSolution
		HideSolutionNode = FALSE
	EndGlobalSection
EndGlobal
